
Microsoft Visual Studio Solution File, Format Version 12.00
# Visual Studio Version 17
VisualStudioVersion = 17.5.002.0
MinimumVisualStudioVersion = 10.0.40219.1
Project("{9A19103F-16F7-4668-BE54-9A1E7A4F7556}") = "DesafioPOO", "DesafioPOO.csproj", "{768EDDA4-F297-4FF5-801B-9EC92FF92849}"
EndProject
Global
	GlobalSection(SolutionConfigurationPlatforms) = preSolution
		Debug|Any CPU = Debug|Any CPU
		Release|Any CPU = Release|Any CPU
	EndGlobalSection
	GlobalSection(ProjectConfigurationPlatforms) = postSolution
		{768EDDA4-F297-4FF5-801B-9EC92FF92849}.Debug|Any CPU.ActiveCfg = Debug|Any CPU
		{768EDDA4-F297-4FF5-801B-9EC92FF92849}.Debug|Any CPU.Build.0 = Debug|Any CPU
		{768EDDA4-F297-4FF5-801B-9EC92FF92849}.Release|Any CPU.ActiveCfg = Release|Any CPU
		{768EDDA4-F297-4FF5-801B-9EC92FF92849}.Release|Any CPU.Build.0 = Release|Any CPU
	EndGlobalSection
	GlobalSection(SolutionProperties) = preSolution
		HideSolutionNode = FALSE
	EndGlobalSection
	GlobalSection(ExtensibilityGlobals) = postSolution
		SolutionGuid = {5DAD6877-D4C6-4289-B084-965B7247E803}
	EndGlobalSection
EndGlobal
